%{
  "bunch": {:hex, :bunch, "0.1.2", "2389a4bcdb62382fbfeed9e19952cc22452dc0c01b4bcac941cce00ef212d7b4", [:mix], [], "hexpm"},
  "membrane_caps_rtp": {:git, "git@github.com:membraneframework/membrane-caps-rtp", "4c22a5646f0b5aeb7cd2a082e0147a8479adb42a", [branch: "initial-caps-and-packet"]},
  "membrane_core": {:hex, :membrane_core, "0.2.0", "de05223ce50661518d47ac9bfb79854483490d8322876724c86cef3aa806b66c", [:mix], [{:bunch, "~> 0.1.2", [hex: :bunch, repo: "hexpm", optional: false]}, {:qex, "~> 0.3", [hex: :qex, repo: "hexpm", optional: false]}], "hexpm"},
  "membrane_element_file": {:hex, :membrane_element_file, "0.2.0", "3cc1c8052c9a705b17d1a73322204fedf80fecf443a70e55690b39af44575d8c", [:mix], [{:bunch, "~> 0.1.2", [hex: :bunch, repo: "hexpm", optional: false]}, {:membrane_core, "~> 0.2.0", [hex: :membrane_core, repo: "hexpm", optional: false]}, {:mockery, "~> 2.2", [hex: :mockery, repo: "hexpm", optional: false]}], "hexpm"},
  "mockery": {:hex, :mockery, "2.3.0", "f1af3976916e7402427116f491e3038a251857de8f0836952c2fa24ad6de4317", [:mix], [], "hexpm"},
  "qex": {:hex, :qex, "0.5.0", "5a3a9becf67d4006377c4c247ffdaaa8ae5b3634a0caadb788dc24d6125068f4", [:mix], [], "hexpm"},
}
