%{
  "bunch": {:hex, :bunch, "1.3.0", "51b4423088b7fb9e21eae6d6bc5e5d219d955ea5556fbd6130bfb6213df4be32", [:mix], [], "hexpm", "9ad233a2bacc0dae8aa6553a9b9057f27446443b1c5903c3479b6f9f3820ce2d"},
  "certifi": {:hex, :certifi, "2.5.1", "867ce347f7c7d78563450a18a6a28a8090331e77fa02380b4a21962a65d36ee5", [:rebar3], [{:parse_trans, "~>3.3", [hex: :parse_trans, repo: "hexpm", optional: false]}], "hexpm", "805abd97539caf89ec6d4732c91e62ba9da0cda51ac462380bbd28ee697a8c42"},
  "coerce": {:hex, :coerce, "1.0.1", "211c27386315dc2894ac11bc1f413a0e38505d808153367bd5c6e75a4003d096", [:mix], [], "hexpm", "b44a691700f7a1a15b4b7e2ff1fa30bebd669929ac8aa43cffe9e2f8bf051cf1"},
  "dialyxir": {:hex, :dialyxir, "1.0.0", "6a1fa629f7881a9f5aaf3a78f094b2a51a0357c843871b8bc98824e7342d00a5", [:mix], [{:erlex, ">= 0.2.6", [hex: :erlex, repo: "hexpm", optional: false]}], "hexpm", "aeb06588145fac14ca08d8061a142d52753dbc2cf7f0d00fc1013f53f8654654"},
  "earmark": {:hex, :earmark, "1.4.4", "4821b8d05cda507189d51f2caeef370cf1e18ca5d7dfb7d31e9cafe6688106a4", [:mix], [], "hexpm", "1f93aba7340574847c0f609da787f0d79efcab51b044bb6e242cae5aca9d264d"},
  "erlex": {:hex, :erlex, "0.2.6", "c7987d15e899c7a2f34f5420d2a2ea0d659682c06ac607572df55a43753aa12e", [:mix], [], "hexpm", "2ed2e25711feb44d52b17d2780eabf998452f6efda104877a3881c2f8c0c0c75"},
  "ex_doc": {:hex, :ex_doc, "0.22.1", "9bb6d51508778193a4ea90fa16eac47f8b67934f33f8271d5e1edec2dc0eee4c", [:mix], [{:earmark, "~> 1.4.0", [hex: :earmark, repo: "hexpm", optional: false]}, {:makeup_elixir, "~> 0.14", [hex: :makeup_elixir, repo: "hexpm", optional: false]}], "hexpm", "d957de1b75cb9f78d3ee17820733dc4460114d8b1e11f7ee4fd6546e69b1db60"},
  "excoveralls": {:hex, :excoveralls, "0.11.2", "0c6f2c8db7683b0caa9d490fb8125709c54580b4255ffa7ad35f3264b075a643", [:mix], [{:hackney, "~> 1.0", [hex: :hackney, repo: "hexpm", optional: false]}, {:jason, "~> 1.0", [hex: :jason, repo: "hexpm", optional: false]}], "hexpm", "e11a4490976aabeed3eb9dc70ec94a4f2d11fed5c9d4b5dc5d89bfa0a215abb5"},
  "hackney": {:hex, :hackney, "1.15.1", "9f8f471c844b8ce395f7b6d8398139e26ddca9ebc171a8b91342ee15a19963f4", [:rebar3], [{:certifi, "2.5.1", [hex: :certifi, repo: "hexpm", optional: false]}, {:idna, "6.0.0", [hex: :idna, repo: "hexpm", optional: false]}, {:metrics, "1.0.1", [hex: :metrics, repo: "hexpm", optional: false]}, {:mimerl, "~>1.1", [hex: :mimerl, repo: "hexpm", optional: false]}, {:ssl_verify_fun, "1.1.4", [hex: :ssl_verify_fun, repo: "hexpm", optional: false]}], "hexpm", "c2790c9f0f7205f4a362512192dee8179097394400e745e4d20bab7226a8eaad"},
  "idna": {:hex, :idna, "6.0.0", "689c46cbcdf3524c44d5f3dde8001f364cd7608a99556d8fbd8239a5798d4c10", [:rebar3], [{:unicode_util_compat, "0.4.1", [hex: :unicode_util_compat, repo: "hexpm", optional: false]}], "hexpm", "4bdd305eb64e18b0273864920695cb18d7a2021f31a11b9c5fbcd9a253f936e2"},
  "jason": {:hex, :jason, "1.1.2", "b03dedea67a99223a2eaf9f1264ce37154564de899fd3d8b9a21b1a6fd64afe7", [:mix], [{:decimal, "~> 1.0", [hex: :decimal, repo: "hexpm", optional: true]}], "hexpm", "fdf843bca858203ae1de16da2ee206f53416bbda5dc8c9e78f43243de4bc3afe"},
  "makeup": {:hex, :makeup, "1.0.2", "0b9f7bfb7a88bed961341b359bc2cc1b233517af891ba4890ec5a580ffe738b4", [:mix], [{:nimble_parsec, "~> 0.5", [hex: :nimble_parsec, repo: "hexpm", optional: false]}], "hexpm", "43833299231c6a6983afc75a34e43eeba638521d5527ff89809fa6372424fd7e"},
  "makeup_elixir": {:hex, :makeup_elixir, "0.14.1", "4f0e96847c63c17841d42c08107405a005a2680eb9c7ccadfd757bd31dabccfb", [:mix], [{:makeup, "~> 1.0", [hex: :makeup, repo: "hexpm", optional: false]}], "hexpm", "f2438b1a80eaec9ede832b5c41cd4f373b38fd7aa33e3b22d9db79e640cbde11"},
  "membrane_caps_rtp": {:hex, :membrane_caps_rtp, "0.1.0", "a6fcdac65d81c4a59d068c7b18fa90a0dc27b2ca21261e279c97dd3fea80ce55", [:mix], [], "hexpm", "5a15745ae9521ec241e138bcc0790e90bba62cf63d8f8373a1f08568e9d66fe7"},
  "membrane_core": {:hex, :membrane_core, "0.5.2", "c657e184dc330f8c533d6592615800319802e1c0081c8589020f46ecd77cc35a", [:mix], [{:bunch, "~> 1.2", [hex: :bunch, repo: "hexpm", optional: false]}, {:qex, "~> 0.3", [hex: :qex, repo: "hexpm", optional: false]}, {:ratio, "~> 2.0", [hex: :ratio, repo: "hexpm", optional: false]}], "hexpm", "51c2e67b1764296a7aee50a3c3aef9a3da5a9c34dd01f969e90f2896eff9ae15"},
  "membrane_element_file": {:hex, :membrane_element_file, "0.2.0", "3cc1c8052c9a705b17d1a73322204fedf80fecf443a70e55690b39af44575d8c", [:mix], [{:bunch, "~> 0.1.2", [hex: :bunch, repo: "hexpm", optional: false]}, {:membrane_core, "~> 0.2.0", [hex: :membrane_core, repo: "hexpm", optional: false]}, {:mockery, "~> 2.2", [hex: :mockery, repo: "hexpm", optional: false]}], "hexpm"},
  "membrane_rtp_format": {:git, "https://github.com/membraneframework/membrane_rtp_format.git", "8641223f16b74557327370e51ad3a475f01f643b", [branch: "develop"]},
  "metrics": {:hex, :metrics, "1.0.1", "25f094dea2cda98213cecc3aeff09e940299d950904393b2a29d191c346a8486", [:rebar3], [], "hexpm", "69b09adddc4f74a40716ae54d140f93beb0fb8978d8636eaded0c31b6f099f16"},
  "mimerl": {:hex, :mimerl, "1.2.0", "67e2d3f571088d5cfd3e550c383094b47159f3eee8ffa08e64106cdf5e981be3", [:rebar3], [], "hexpm", "f278585650aa581986264638ebf698f8bb19df297f66ad91b18910dfc6e19323"},
  "mockery": {:hex, :mockery, "2.3.0", "f1af3976916e7402427116f491e3038a251857de8f0836952c2fa24ad6de4317", [:mix], [], "hexpm"},
  "nimble_parsec": {:hex, :nimble_parsec, "0.6.0", "32111b3bf39137144abd7ba1cce0914533b2d16ef35e8abc5ec8be6122944263", [:mix], [], "hexpm", "27eac315a94909d4dc68bc07a4a83e06c8379237c5ea528a9acff4ca1c873c52"},
  "numbers": {:hex, :numbers, "5.2.1", "8a6e9eeacfb19f4ac30a52c304f565dc53f8e0813b7193812a5b15b93210780c", [:mix], [{:coerce, "~> 1.0", [hex: :coerce, repo: "hexpm", optional: false]}, {:decimal, "~> 1.5", [hex: :decimal, repo: "hexpm", optional: true]}], "hexpm", "1fd66efe26b67456ad0b80a038f553b89702d073a6942ecd34ce1a3e10af4c92"},
  "parse_trans": {:hex, :parse_trans, "3.3.0", "09765507a3c7590a784615cfd421d101aec25098d50b89d7aa1d66646bc571c1", [:rebar3], [], "hexpm", "17ef63abde837ad30680ea7f857dd9e7ced9476cdd7b0394432af4bfc241b960"},
  "qex": {:hex, :qex, "0.5.0", "5a3a9becf67d4006377c4c247ffdaaa8ae5b3634a0caadb788dc24d6125068f4", [:mix], [], "hexpm", "4ad6f6421163cd8204509a119a5c9813cbb969cfb8d802a9dc49b968bffbac2a"},
  "ratio": {:hex, :ratio, "2.4.1", "ecf989f3a1483cf892b867ab00ffe8e0784cbe748cd32a610a4ac4c4fd11f46d", [:mix], [{:decimal, "~> 1.6 or ~> 2.0", [hex: :decimal, repo: "hexpm", optional: true]}, {:numbers, "~> 5.2.0", [hex: :numbers, repo: "hexpm", optional: false]}], "hexpm", "3988235b59285b8fef9a55867c0b82125b59915ac80808de064b33ff57b0d54c"},
  "ssl_verify_fun": {:hex, :ssl_verify_fun, "1.1.4", "f0eafff810d2041e93f915ef59899c923f4568f4585904d010387ed74988e77b", [:make, :mix, :rebar3], [], "hexpm", "603561dc0fd62f4f2ea9b890f4e20e1a0d388746d6e20557cafb1b16950de88c"},
  "unicode_util_compat": {:hex, :unicode_util_compat, "0.4.1", "d869e4c68901dd9531385bb0c8c40444ebf624e60b6962d95952775cac5e90cd", [:rebar3], [], "hexpm", "1d1848c40487cdb0b30e8ed975e34e025860c02e419cb615d255849f3427439d"},
}
